
Microsoft Visual Studio Solution File, Format Version 12.00
# Visual Studio Version 16
VisualStudioVersion = 16.0.30611.23
MinimumVisualStudioVersion = 10.0.40219.1
Project("{FAE04EC0-301F-11D3-BF4B-00C04F79EFBC}") = "TrainingManagementProject", "TrainingManagementProject\TrainingManagementProject.csproj", "{A162496D-95CC-4186-85E6-F8C56A7E6EC1}"
EndProject
Global
	GlobalSection(SolutionConfigurationPlatforms) = preSolution
		Debug|Any CPU = Debug|Any CPU
		Release|Any CPU = Release|Any CPU
	EndGlobalSection
	GlobalSection(ProjectConfigurationPlatforms) = postSolution
		{A162496D-95CC-4186-85E6-F8C56A7E6EC1}.Debug|Any CPU.ActiveCfg = Debug|Any CPU
		{A162496D-95CC-4186-85E6-F8C56A7E6EC1}.Debug|Any CPU.Build.0 = Debug|Any CPU
		{A162496D-95CC-4186-85E6-F8C56A7E6EC1}.Release|Any CPU.ActiveCfg = Release|Any CPU
		{A162496D-95CC-4186-85E6-F8C56A7E6EC1}.Release|Any CPU.Build.0 = Release|Any CPU
	EndGlobalSection
	GlobalSection(SolutionProperties) = preSolution
		HideSolutionNode = FALSE
	EndGlobalSection
	GlobalSection(ExtensibilityGlobals) = postSolution
		SolutionGuid = {2C5CD24C-CD1D-4D45-9F23-EAFAE5466246}
	EndGlobalSection
EndGlobal
